
Microsoft Visual Studio Solution File, Format Version 12.00
# Visual Studio Version 16
VisualStudioVersion = 25.0.1703.8
MinimumVisualStudioVersion = 10.0.40219.1
Project("{FAE04EC0-301F-11D3-BF4B-00C04F79EFBC}") = "DataBaseApp1", "DataBaseApp1.csproj", "{3A1EA6A0-E756-4956-8D0F-772DED2640A8}"
EndProject
Global
	GlobalSection(SolutionConfigurationPlatforms) = preSolution
		Debug|Any CPU = Debug|Any CPU
		Release|Any CPU = Release|Any CPU
	EndGlobalSection
	GlobalSection(ProjectConfigurationPlatforms) = postSolution
		{3A1EA6A0-E756-4956-8D0F-772DED2640A8}.Debug|Any CPU.ActiveCfg = Debug|Any CPU
		{3A1EA6A0-E756-4956-8D0F-772DED2640A8}.Debug|Any CPU.Build.0 = Debug|Any CPU
		{3A1EA6A0-E756-4956-8D0F-772DED2640A8}.Release|Any CPU.ActiveCfg = Release|Any CPU
		{3A1EA6A0-E756-4956-8D0F-772DED2640A8}.Release|Any CPU.Build.0 = Release|Any CPU
	EndGlobalSection
	GlobalSection(SolutionProperties) = preSolution
		HideSolutionNode = FALSE
	EndGlobalSection
	GlobalSection(ExtensibilityGlobals) = postSolution
		SolutionGuid = {F1B5CF0F-B481-423D-8EA8-0BF8DD3CDB7C}
	EndGlobalSection
EndGlobal
