
Microsoft Visual Studio Solution File, Format Version 12.00
# Visual Studio Version 16
VisualStudioVersion = 25.0.1703.6
MinimumVisualStudioVersion = 10.0.40219.1
Project("{FAE04EC0-301F-11D3-BF4B-00C04F79EFBC}") = "AnotherInterfaceDemo", "AnotherInterfaceDemo\AnotherInterfaceDemo.csproj", "{87A389B4-9317-4EA3-AC72-F6E429D37965}"
EndProject
Project("{FAE04EC0-301F-11D3-BF4B-00C04F79EFBC}") = "AnotherClassLibrary", "AnotherClassLibrary\AnotherClassLibrary.csproj", "{5AAAFEC4-EDB0-4DA1-B79F-4F81FFAF2CC6}"
EndProject
Project("{FAE04EC0-301F-11D3-BF4B-00C04F79EFBC}") = "WebShopAPI", "WebShopAPI\WebShopAPI.csproj", "{2EB01426-0F8E-4840-96C3-1FA29F9DC080}"
EndProject
Global
	GlobalSection(SolutionConfigurationPlatforms) = preSolution
		Debug|Any CPU = Debug|Any CPU
		Release|Any CPU = Release|Any CPU
	EndGlobalSection
	GlobalSection(ProjectConfigurationPlatforms) = postSolution
		{87A389B4-9317-4EA3-AC72-F6E429D37965}.Debug|Any CPU.ActiveCfg = Debug|Any CPU
		{87A389B4-9317-4EA3-AC72-F6E429D37965}.Debug|Any CPU.Build.0 = Debug|Any CPU
		{87A389B4-9317-4EA3-AC72-F6E429D37965}.Release|Any CPU.ActiveCfg = Release|Any CPU
		{87A389B4-9317-4EA3-AC72-F6E429D37965}.Release|Any CPU.Build.0 = Release|Any CPU
		{5AAAFEC4-EDB0-4DA1-B79F-4F81FFAF2CC6}.Debug|Any CPU.ActiveCfg = Debug|Any CPU
		{5AAAFEC4-EDB0-4DA1-B79F-4F81FFAF2CC6}.Debug|Any CPU.Build.0 = Debug|Any CPU
		{5AAAFEC4-EDB0-4DA1-B79F-4F81FFAF2CC6}.Release|Any CPU.ActiveCfg = Release|Any CPU
		{5AAAFEC4-EDB0-4DA1-B79F-4F81FFAF2CC6}.Release|Any CPU.Build.0 = Release|Any CPU
		{2EB01426-0F8E-4840-96C3-1FA29F9DC080}.Debug|Any CPU.ActiveCfg = Debug|Any CPU
		{2EB01426-0F8E-4840-96C3-1FA29F9DC080}.Debug|Any CPU.Build.0 = Debug|Any CPU
		{2EB01426-0F8E-4840-96C3-1FA29F9DC080}.Release|Any CPU.ActiveCfg = Release|Any CPU
		{2EB01426-0F8E-4840-96C3-1FA29F9DC080}.Release|Any CPU.Build.0 = Release|Any CPU
	EndGlobalSection
	GlobalSection(SolutionProperties) = preSolution
		HideSolutionNode = FALSE
	EndGlobalSection
	GlobalSection(ExtensibilityGlobals) = postSolution
		SolutionGuid = {5C2D083B-9B79-4241-9308-B694B8D8751D}
	EndGlobalSection
EndGlobal
